// !$*UTF8*$!
{
	archiveVersion = 1;
	classes = {
	};
	objectVersion = 46;
	objects = {

/* Begin PBXBuildFile section */
		6348704A1C5CE9FA00FA0971 /* AppDelegate.swift in Sources */ = {isa = PBXBuildFile; fileRef = 634870491C5CE9FA00FA0971 /* AppDelegate.swift */; };
		6348704C1C5CE9FA00FA0971 /* ViewController.swift in Sources */ = {isa = PBXBuildFile; fileRef = 6348704B1C5CE9FA00FA0971 /* ViewController.swift */; };
		6348704F1C5CE9FA00FA0971 /* Main.storyboard in Resources */ = {isa = PBXBuildFile; fileRef = 6348704D1C5CE9FA00FA0971 /* Main.storyboard */; };
		634870511C5CE9FA00FA0971 /* Assets.xcassets in Resources */ = {isa = PBXBuildFile; fileRef = 634870501C5CE9FA00FA0971 /* Assets.xcassets */; };
		634870541C5CE9FA00FA0971 /* LaunchScreen.storyboard in Resources */ = {isa = PBXBuildFile; fileRef = 634870521C5CE9FA00FA0971 /* LaunchScreen.storyboard */; };
/* End PBXBuildFile section */

/* Begin PBXFileReference section */
		634870461C5CE9FA00FA0971 /* HelloWorld.app */ = {isa = PBXFileReference; explicitFileType = wrapper.application; includeInIndex = 0; path = HelloWorld.app; sourceTree = BUILT_PRODUCTS_DIR; };
		634870491C5CE9FA00FA0971 /* AppDelegate.swift */ = {isa = PBXFileReference; lastKnownFileType = sourcecode.swift; path = AppDelegate.swift; sourceTree = "<group>"; };
		6348704B1C5CE9FA00FA0971 /* ViewController.swift */ = {isa = PBXFileReference; lastKnownFileType = sourcecode.swift; path = ViewController.swift; sourceTree = "<group>"; };
		6348704E1C5CE9FA00FA0971 /* Base */ = {isa = PBXFileReference; lastKnownFileType = file.storyboard; name = Base; path = Base.lproj/Main.storyboard; sourceTree = "<group>"; };
		634870501C5CE9FA00FA0971 /* Assets.xcassets */ = {isa = PBXFileReference; lastKnownFileType = folder.assetcatalog; path = Assets.xcassets; sourceTree = "<group>"; };
		634870531C5CE9FA00FA0971 /* Base */ = {isa = PBXFileReference; lastKnownFileType = file.storyboard; name = Base; path = Base.lproj/LaunchScreen.storyboard; sourceTree = "<group>"; };
		634870551C5CE9FA00FA0971 /* Info.plist */ = {isa = PBXFileReference; lastKnownFileType = text.plist.xml; path = Info.plist; sourceTree = "<group>"; };
/* End PBXFileReference section */

/* Begin PBXFrameworksBuildPhase section */
		634870431C5CE9FA00FA0971 /* Frameworks */ = {
			isa = PBXFrameworksBuildPhase;
			buildActionMask = 2147483647;
			files = (
			);
			runOnlyForDeploymentPostprocessing = 0;
		};
/* End PBXFrameworksBuildPhase section */

/* Begin PBXGroup section */
		6348703D1C5CE9FA00FA0971 = {
			isa = PBXGroup;
			children = (
				634870481C5CE9FA00FA0971 /* HelloWorld */,
				634870471C5CE9FA00FA0971 /* Products */,
			);
			sourceTree = "<group>";
		};
		634870471C5CE9FA00FA0971 /* Products */ = {
			isa = PBXGroup;
			children = (
				634870461C5CE9FA00FA0971 /* HelloWorld.app */,
			);
			name = Products;
			sourceTree = "<group>";
		};
		634870481C5CE9FA00FA0971 /* HelloWorld */ = {
			isa = PBXGroup;
			children = (
				634870491C5CE9FA00FA0971 /* AppDelegate.swift */,
				6348704B1C5CE9FA00FA0971 /* ViewController.swift */,
				6348704D1C5CE9FA00FA0971 /* Main.storyboard */,
				634870501C5CE9FA00FA0971 /* Assets.xcassets */,
				634870521C5CE9FA00FA0971 /* LaunchScreen.storyboard */,
				634870551C5CE9FA00FA0971 /* Info.plist */,
			);
			path = HelloWorld;
			sourceTree = "<group>";
		};
/* End PBXGroup section */

/* Begin PBXNativeTarget section */
		634870451C5CE9FA00FA0971 /* HelloWorld */ = {
			isa = PBXNativeTarget;
			buildConfigurationList = 634870581C5CE9FA00FA0971 /* Build configuration list for PBXNativeTarget "HelloWorld" */;
			buildPhases = (
				634870421C5CE9FA00FA0971 /* Sources */,
				634870431C5CE9FA00FA0971 /* Frameworks */,
				634870441C5CE9FA00FA0971 /* Resources */,
			);
			buildRules = (
			);
			dependencies = (
			);
			name = HelloWorld;
			productName = HelloWorld;
			productReference = 634870461C5CE9FA00FA0971 /* HelloWorld.app */;
			productType = "com.apple.product-type.application";
		};
/* End PBXNativeTarget section */

/* Begin PBXProject section */
		6348703E1C5CE9FA00FA0971 /* Project object */ = {
			isa = PBXProject;
			attributes = {
				LastSwiftUpdateCheck = 0720;
				LastUpgradeCheck = 0720;
				ORGANIZATIONNAME = "David Stroud";
				TargetAttributes = {
					634870451C5CE9FA00FA0971 = {
						CreatedOnToolsVersion = 7.2;
					};
				};
			};
			buildConfigurationList = 634870411C5CE9FA00FA0971 /* Build configuration list for PBXProject "HelloWorld" */;
			compatibilityVersion = "Xcode 3.2";
			developmentRegion = English;
			hasScannedForEncodings = 0;
			knownRegions = (
				en,
				Base,
			);
			mainGroup = 6348703D1C5CE9FA00FA0971;
			productRefGroup = 634870471C5CE9FA00FA0971 /* Products */;
			projectDirPath = "";
			projectRoot = "";
			targets = (
				634870451C5CE9FA00FA0971 /* HelloWorld */,
			);
		};
/* End PBXProject section */

/* Begin PBXResourcesBuildPhase section */
		634870441C5CE9FA00FA0971 /* Resources */ = {
			isa = PBXResourcesBuildPhase;
			buildActionMask = 2147483647;
			files = (
				634870541C5CE9FA00FA0971 /* LaunchScreen.storyboard in Resources */,
				634870511C5CE9FA00FA0971 /* Assets.xcassets in Resources */,
				6348704F1C5CE9FA00FA0971 /* Main.storyboard in Resources */,
			);
			runOnlyForDeploymentPostprocessing = 0;
		};
/* End PBXResourcesBuildPhase section */

/* Begin PBXSourcesBuildPhase section */
		634870421C5CE9FA00FA0971 /* Sources */ = {
			isa = PBXSourcesBuildPhase;
			buildActionMask = 2147483647;
			files = (
				6348704C1C5CE9FA00FA0971 /* ViewController.swift in Sources */,
				6348704A1C5CE9FA00FA0971 /* AppDelegate.swift in Sources */,
			);
			runOnlyForDeploymentPostprocessing = 0;
		};
/* End PBXSourcesBuildPhase section */

/* Begin PBXVariantGroup section */
		6348704D1C5CE9FA00FA0971 /* Main.storyboard */ = {
			isa = PBXVariantGroup;
			children = (
				6348704E1C5CE9FA00FA0971 /* Base */,
			);
			name = Main.storyboard;
			sourceTree = "<group>";
		};
		634870521C5CE9FA00FA0971 /* LaunchScreen.storyboard */ = {
			isa = PBXVariantGroup;
			children = (
				634870531C5CE9FA00FA0971 /* Base */,
			);
			name = LaunchScreen.storyboard;
			sourceTree = "<group>";
		};
/* End PBXVariantGroup section */

/* Begin XCBuildConfiguration section */
		634870561C5CE9FA00FA0971 /* Debug */ = {
			isa = XCBuildConfiguration;
			buildSettings = {
				ALWAYS_SEARCH_USER_PATHS = NO;
				CLANG_CXX_LANGUAGE_STANDARD = "gnu++0x";
				CLANG_CXX_LIBRARY = "libc++";
				CLANG_ENABLE_MODULES = YES;
				CLANG_ENABLE_OBJC_ARC = YES;
				CLANG_WARN_BOOL_CONVERSION = YES;
				CLANG_WARN_CONSTANT_CONVERSION = YES;
				CLANG_WARN_DIRECT_OBJC_ISA_USAGE = YES_ERROR;
				CLANG_WARN_EMPTY_BODY = YES;
				CLANG_WARN_ENUM_CONVERSION = YES;
				CLANG_WARN_INT_CONVERSION = YES;
				CLANG_WARN_OBJC_ROOT_CLASS = YES_ERROR;
				CLANG_WARN_UNREACHABLE_CODE = YES;
				CLANG_WARN__DUPLICATE_METHOD_MATCH = YES;
				"CODE_SIGN_IDENTITY[sdk=iphoneos*]" = "iPhone Developer";
				COPY_PHASE_STRIP = NO;
				DEBUG_INFORMATION_FORMAT = dwarf;
				ENABLE_STRICT_OBJC_MSGSEND = YES;
				ENABLE_TESTABILITY = YES;
				GCC_C_LANGUAGE_STANDARD = gnu99;
				GCC_DYNAMIC_NO_PIC = NO;
				GCC_NO_COMMON_BLOCKS = YES;
				GCC_OPTIMIZATION_LEVEL = 0;
				GCC_PREPROCESSOR_DEFINITIONS = (
					"DEBUG=1",
					"$(inherited)",
				);
				GCC_WARN_64_TO_32_BIT_CONVERSION = YES;
				GCC_WARN_ABOUT_RETURN_TYPE = YES_ERROR;
				GCC_WARN_UNDECLARED_SELECTOR = YES;
				GCC_WARN_UNINITIALIZED_AUTOS = YES_AGGRESSIVE;
				GCC_WARN_UNUSED_FUNCTION = YES;
				GCC_WARN_UNUSED_VARIABLE = YES;
				IPHONEOS_DEPLOYMENT_TARGET = 9.2;
				MTL_ENABLE_DEBUG_INFO = YES;
				ONLY_ACTIVE_ARCH = YES;
				SDKROOT = iphoneos;
				SWIFT_OPTIMIZATION_LEVEL = "-Onone";
			};
			name = Debug;
		};
		634870571C5CE9FA00FA0971 /* Release */ = {
			isa = XCBuildConfiguration;
			buildSettings = {
				ALWAYS_SEARCH_USER_PATHS = NO;
				CLANG_CXX_LANGUAGE_STANDARD = "gnu++0x";
				CLANG_CXX_LIBRARY = "libc++";
				CLANG_ENABLE_MODULES = YES;
				CLANG_ENABLE_OBJC_ARC = YES;
				CLANG_WARN_BOOL_CONVERSION = YES;
				CLANG_WARN_CONSTANT_CONVERSION = YES;
				CLANG_WARN_DIRECT_OBJC_ISA_USAGE = YES_ERROR;
				CLANG_WARN_EMPTY_BODY = YES;
				CLANG_WARN_ENUM_CONVERSION = YES;
				CLANG_WARN_INT_CONVERSION = YES;
				CLANG_WARN_OBJC_ROOT_CLASS = YES_ERROR;
				CLANG_WARN_UNREACHABLE_CODE = YES;
				CLANG_WARN__DUPLICATE_METHOD_MATCH = YES;
				"CODE_SIGN_IDENTITY[sdk=iphoneos*]" = "iPhone Developer";
				COPY_PHASE_STRIP = NO;
				DEBUG_INFORMATION_FORMAT = "dwarf-with-dsym";
				ENABLE_NS_ASSERTIONS = NO;
				ENABLE_STRICT_OBJC_MSGSEND = YES;
				GCC_C_LANGUAGE_STANDARD = gnu99;
				GCC_NO_COMMON_BLOCKS = YES;
				GCC_WARN_64_TO_32_BIT_CONVERSION = YES;
				GCC_WARN_ABOUT_RETURN_TYPE = YES_ERROR;
				GCC_WARN_UNDECLARED_SELECTOR = YES;
				GCC_WARN_UNINITIALIZED_AUTOS = YES_AGGRESSIVE;
				GCC_WARN_UNUSED_FUNCTION = YES;
				GCC_WARN_UNUSED_VARIABLE = YES;
				IPHONEOS_DEPLOYMENT_TARGET = 9.2;
				MTL_ENABLE_DEBUG_INFO = NO;
				SDKROOT = iphoneos;
				VALIDATE_PRODUCT = YES;
			};
			name = Release;
		};
		634870591C5CE9FA00FA0971 /* Debug */ = {
			isa = XCBuildConfiguration;
			buildSettings = {
				ASSETCATALOG_COMPILER_APPICON_NAME = AppIcon;
				INFOPLIST_FILE = HelloWorld/Info.plist;
				LD_RUNPATH_SEARCH_PATHS = "$(inherited) @executable_path/Frameworks";
				PRODUCT_BUNDLE_IDENTIFIER = com.dwstroud.HelloWorld;
				PRODUCT_NAME = "$(TARGET_NAME)";
			};
			name = Debug;
		};
		6348705A1C5CE9FA00FA0971 /* Release */ = {
			isa = XCBuildConfiguration;
			buildSettings = {
				ASSETCATALOG_COMPILER_APPICON_NAME = AppIcon;
				INFOPLIST_FILE = HelloWorld/Info.plist;
				LD_RUNPATH_SEARCH_PATHS = "$(inherited) @executable_path/Frameworks";
				PRODUCT_BUNDLE_IDENTIFIER = com.dwstroud.HelloWorld;
				PRODUCT_NAME = "$(TARGET_NAME)";
			};
			name = Release;
		};
/* End XCBuildConfiguration section */

/* Begin XCConfigurationList section */
		634870411C5CE9FA00FA0971 /* Build configuration list for PBXProject "HelloWorld" */ = {
			isa = XCConfigurationList;
			buildConfigurations = (
				634870561C5CE9FA00FA0971 /* Debug */,
				634870571C5CE9FA00FA0971 /* Release */,
			);
			defaultConfigurationIsVisible = 0;
			defaultConfigurationName = Release;
		};
		634870581C5CE9FA00FA0971 /* Build configuration list for PBXNativeTarget "HelloWorld" */ = {
			isa = XCConfigurationList;
			buildConfigurations = (
				634870591C5CE9FA00FA0971 /* Debug */,
				6348705A1C5CE9FA00FA0971 /* Release */,
			);
			defaultConfigurationIsVisible = 0;
		};
/* End XCConfigurationList section */
	};
	rootObject = 6348703E1C5CE9FA00FA0971 /* Project object */;
}
